
Microsoft Visual Studio Solution File, Format Version 12.00
# Visual Studio Version 16
VisualStudioVersion = 16.0.29609.76
MinimumVisualStudioVersion = 10.0.40219.1
Project("{FAE04EC0-301F-11D3-BF4B-00C04F79EFBC}") = "TripLoggerServices", "src\TripLoggerServices\TripLoggerServices.csproj", "{C7CF615C-0916-4DE5-9009-CB5CB117F84D}"
EndProject
Global
	GlobalSection(SolutionConfigurationPlatforms) = preSolution
		Debug|Any CPU = Debug|Any CPU
		Release|Any CPU = Release|Any CPU
	EndGlobalSection
	GlobalSection(ProjectConfigurationPlatforms) = postSolution
		{C7CF615C-0916-4DE5-9009-CB5CB117F84D}.Debug|Any CPU.ActiveCfg = Debug|Any CPU
		{C7CF615C-0916-4DE5-9009-CB5CB117F84D}.Debug|Any CPU.Build.0 = Debug|Any CPU
		{C7CF615C-0916-4DE5-9009-CB5CB117F84D}.Release|Any CPU.ActiveCfg = Release|Any CPU
		{C7CF615C-0916-4DE5-9009-CB5CB117F84D}.Release|Any CPU.Build.0 = Release|Any CPU
	EndGlobalSection
	GlobalSection(SolutionProperties) = preSolution
		HideSolutionNode = FALSE
	EndGlobalSection
	GlobalSection(ExtensibilityGlobals) = postSolution
		SolutionGuid = {2E388702-2924-4E89-93E8-2F228764C40B}
	EndGlobalSection
EndGlobal
